
Microsoft Visual Studio Solution File, Format Version 12.00
# Visual Studio Version 16
VisualStudioVersion = 16.0.29911.84
MinimumVisualStudioVersion = 10.0.40219.1
Project("{FAE04EC0-301F-11D3-BF4B-00C04F79EFBC}") = "DogWalkerAPI", "DogWalkerAPI\DogWalkerAPI.csproj", "{0D09ABC0-EAE6-4E25-B86D-E13D125E2684}"
EndProject
Global
	GlobalSection(SolutionConfigurationPlatforms) = preSolution
		Debug|Any CPU = Debug|Any CPU
		Release|Any CPU = Release|Any CPU
	EndGlobalSection
	GlobalSection(ProjectConfigurationPlatforms) = postSolution
		{0D09ABC0-EAE6-4E25-B86D-E13D125E2684}.Debug|Any CPU.ActiveCfg = Debug|Any CPU
		{0D09ABC0-EAE6-4E25-B86D-E13D125E2684}.Debug|Any CPU.Build.0 = Debug|Any CPU
		{0D09ABC0-EAE6-4E25-B86D-E13D125E2684}.Release|Any CPU.ActiveCfg = Release|Any CPU
		{0D09ABC0-EAE6-4E25-B86D-E13D125E2684}.Release|Any CPU.Build.0 = Release|Any CPU
	EndGlobalSection
	GlobalSection(SolutionProperties) = preSolution
		HideSolutionNode = FALSE
	EndGlobalSection
	GlobalSection(ExtensibilityGlobals) = postSolution
		SolutionGuid = {7E1DE61D-1A89-41A1-8609-17A1C9D9CA6B}
	EndGlobalSection
EndGlobal
